
Microsoft Visual Studio Solution File, Format Version 12.00
# Visual Studio Version 17
VisualStudioVersion = 17.4.33122.133
MinimumVisualStudioVersion = 10.0.40219.1
Project("{9A19103F-16F7-4668-BE54-9A1E7A4F7556}") = "FoodInspector", "FoodInspector\FoodInspector.csproj", "{2668F1D2-F2FC-45D0-8C37-159C0A1C6B0B}"
EndProject
Project("{9A19103F-16F7-4668-BE54-9A1E7A4F7556}") = "FoodInspectorTests", "FoodInspectorTests\FoodInspectorTests.csproj", "{C6F014F8-8DB4-470E-A127-858ECBDA86AF}"
EndProject
Project("{9A19103F-16F7-4668-BE54-9A1E7A4F7556}") = "InspectionDataEventCreator", "InspectionDataEventStreamCreator\InspectionDataEventCreator.csproj", "{F8265D31-395D-4338-A7C8-1E5363069343}"
EndProject
Project("{FAE04EC0-301F-11D3-BF4B-00C04F79EFBC}") = "InspectionEvaluator", "InspectionEvaluator\InspectionEvaluator.csproj", "{DD3E7377-F6D6-42AC-9C99-3AC668F517C5}"
EndProject
Global
	GlobalSection(SolutionConfigurationPlatforms) = preSolution
		Debug|Any CPU = Debug|Any CPU
		Release|Any CPU = Release|Any CPU
	EndGlobalSection
	GlobalSection(ProjectConfigurationPlatforms) = postSolution
		{2668F1D2-F2FC-45D0-8C37-159C0A1C6B0B}.Debug|Any CPU.ActiveCfg = Debug|Any CPU
		{2668F1D2-F2FC-45D0-8C37-159C0A1C6B0B}.Debug|Any CPU.Build.0 = Debug|Any CPU
		{2668F1D2-F2FC-45D0-8C37-159C0A1C6B0B}.Release|Any CPU.ActiveCfg = Release|Any CPU
		{2668F1D2-F2FC-45D0-8C37-159C0A1C6B0B}.Release|Any CPU.Build.0 = Release|Any CPU
		{C6F014F8-8DB4-470E-A127-858ECBDA86AF}.Debug|Any CPU.ActiveCfg = Debug|Any CPU
		{C6F014F8-8DB4-470E-A127-858ECBDA86AF}.Debug|Any CPU.Build.0 = Debug|Any CPU
		{C6F014F8-8DB4-470E-A127-858ECBDA86AF}.Release|Any CPU.ActiveCfg = Release|Any CPU
		{C6F014F8-8DB4-470E-A127-858ECBDA86AF}.Release|Any CPU.Build.0 = Release|Any CPU
		{F8265D31-395D-4338-A7C8-1E5363069343}.Debug|Any CPU.ActiveCfg = Debug|Any CPU
		{F8265D31-395D-4338-A7C8-1E5363069343}.Debug|Any CPU.Build.0 = Debug|Any CPU
		{F8265D31-395D-4338-A7C8-1E5363069343}.Release|Any CPU.ActiveCfg = Release|Any CPU
		{F8265D31-395D-4338-A7C8-1E5363069343}.Release|Any CPU.Build.0 = Release|Any CPU
		{DD3E7377-F6D6-42AC-9C99-3AC668F517C5}.Debug|Any CPU.ActiveCfg = Debug|Any CPU
		{DD3E7377-F6D6-42AC-9C99-3AC668F517C5}.Debug|Any CPU.Build.0 = Debug|Any CPU
		{DD3E7377-F6D6-42AC-9C99-3AC668F517C5}.Release|Any CPU.ActiveCfg = Release|Any CPU
		{DD3E7377-F6D6-42AC-9C99-3AC668F517C5}.Release|Any CPU.Build.0 = Release|Any CPU
	EndGlobalSection
	GlobalSection(SolutionProperties) = preSolution
		HideSolutionNode = FALSE
	EndGlobalSection
	GlobalSection(ExtensibilityGlobals) = postSolution
		SolutionGuid = {1D20C2A7-96AF-4AE1-AD3E-59D80EB8C0AD}
	EndGlobalSection
EndGlobal
